
Microsoft Visual Studio Solution File, Format Version 12.00
# Visual Studio 2012
Project("{FAE04EC0-301F-11D3-BF4B-00C04F79EFBC}") = "Wpf_emmsil_test", "Wpf_emmsil_test\Wpf_emmsil_test.csproj", "{BBD30F57-45AB-4A78-BBC2-9CEB0F94D71E}"
EndProject
Project("{FAE04EC0-301F-11D3-BF4B-00C04F79EFBC}") = "UnitTestProject1", "UnitTestProject1\UnitTestProject1.csproj", "{5A428E10-8663-4142-9846-8B2A76C224CF}"
EndProject
Global
	GlobalSection(SolutionConfigurationPlatforms) = preSolution
		Debug|Any CPU = Debug|Any CPU
		Release|Any CPU = Release|Any CPU
	EndGlobalSection
	GlobalSection(ProjectConfigurationPlatforms) = postSolution
		{BBD30F57-45AB-4A78-BBC2-9CEB0F94D71E}.Debug|Any CPU.ActiveCfg = Debug|Any CPU
		{BBD30F57-45AB-4A78-BBC2-9CEB0F94D71E}.Debug|Any CPU.Build.0 = Debug|Any CPU
		{BBD30F57-45AB-4A78-BBC2-9CEB0F94D71E}.Release|Any CPU.ActiveCfg = Release|Any CPU
		{BBD30F57-45AB-4A78-BBC2-9CEB0F94D71E}.Release|Any CPU.Build.0 = Release|Any CPU
		{5A428E10-8663-4142-9846-8B2A76C224CF}.Debug|Any CPU.ActiveCfg = Debug|Any CPU
		{5A428E10-8663-4142-9846-8B2A76C224CF}.Debug|Any CPU.Build.0 = Debug|Any CPU
		{5A428E10-8663-4142-9846-8B2A76C224CF}.Release|Any CPU.ActiveCfg = Release|Any CPU
		{5A428E10-8663-4142-9846-8B2A76C224CF}.Release|Any CPU.Build.0 = Release|Any CPU
	EndGlobalSection
	GlobalSection(SolutionProperties) = preSolution
		HideSolutionNode = FALSE
	EndGlobalSection
EndGlobal
